<?xml version="1.0" encoding="utf-8"?>
<Project ToolsVersion="4.0" xmlns="http://schemas.microsoft.com/developer/msbuild/2003">
  <ItemGroup>
    <Filter Include="Source Files">
      <UniqueIdentifier>{4FC737F1-C7A5-4376-A066-2A32D752A2FF}</UniqueIdentifier>
      <Extensions>cpp;c;cc;cxx;c++;cppm;ixx;def;odl;idl;hpj;bat;asm;asmx</Extensions>
    </Filter>
    <Filter Include="Utilities">
      <UniqueIdentifier>{37b2a7c4-d170-42d6-adca-f54791fb6024}</UniqueIdentifier>
    </Filter>
    <Filter Include="Shapes">
      <UniqueIdentifier>{8f736808-67db-4970-bc0e-f7c0ff7f9f4e}</UniqueIdentifier>
    </Filter>
    <Filter Include="Visualizer">
      <UniqueIdentifier>{1f51de33-9607-4710-939e-c3b810e4d155}</UniqueIdentifier>
    </Filter>
    <Filter Include="Collision">
      <UniqueIdentifier>{c5a49d32-5654-478e-9178-a60c7b6ff775}</UniqueIdentifier>
    </Filter>
  </ItemGroup>
  <ItemGroup>
    <ClCompile Include="main.cpp">
      <Filter>Source Files</Filter>
    </ClCompile>
    <ClCompile Include="Circle.cpp">
      <Filter>Shapes</Filter>
    </ClCompile>
    <ClCompile Include="Polygon.cpp">
      <Filter>Shapes</Filter>
    </ClCompile>
    <ClCompile Include="Visualizer.cpp">
      <Filter>Visualizer</Filter>
    </ClCompile>
    <ClCompile Include="Time.cpp">
      <Filter>Visualizer</Filter>
    </ClCompile>
    <ClCompile Include="CollisionHandler.cpp">
      <Filter>Collision</Filter>
    </ClCompile>
    <ClCompile Include="SAT.cpp">
      <Filter>Collision</Filter>
    </ClCompile>
  </ItemGroup>
  <ItemGroup>
    <ClInclude Include="Circle.h">
      <Filter>Shapes</Filter>
    </ClInclude>
    <ClInclude Include="Shape.h">
      <Filter>Shapes</Filter>
    </ClInclude>
    <ClInclude Include="Polygon.h">
      <Filter>Shapes</Filter>
    </ClInclude>
    <ClInclude Include="Visualizer.h">
      <Filter>Visualizer</Filter>
    </ClInclude>
    <ClInclude Include="Vector2.h">
      <Filter>Utilities</Filter>
    </ClInclude>
    <ClInclude Include="VUtils.h">
      <Filter>Utilities</Filter>
    </ClInclude>
    <ClInclude Include="Time.h">
      <Filter>Visualizer</Filter>
    </ClInclude>
    <ClInclude Include="CollisionHandler.h">
      <Filter>Collision</Filter>
    </ClInclude>
    <ClInclude Include="ICircleCollidable.h">
      <Filter>Collision</Filter>
    </ClInclude>
    <ClInclude Include="ICollidable.h">
      <Filter>Collision</Filter>
    </ClInclude>
    <ClInclude Include="IPolygonCollidable.h">
      <Filter>Collision</Filter>
    </ClInclude>
    <ClInclude Include="PolygonFactory.h">
      <Filter>Shapes</Filter>
    </ClInclude>
    <ClInclude Include="SAT.h">
      <Filter>Collision</Filter>
    </ClInclude>
  </ItemGroup>
</Project>