
Microsoft Visual Studio Solution File, Format Version 12.00
# Visual Studio Version 17
VisualStudioVersion = 17.3.32922.545
MinimumVisualStudioVersion = 10.0.40219.1
Project("{8BC9CEB8-8B4A-11D0-8D11-00A0C91BC942}") = "CollisionSystemProject", "CollisionSystemProject.vcxproj", "{D6284508-8F7C-4D51-867F-4B08456914F8}"
EndProject
Global
	GlobalSection(SolutionConfigurationPlatforms) = preSolution
		Debug|x64 = Debug|x64
		Debug|x86 = Debug|x86
		Release|x64 = Release|x64
		Release|x86 = Release|x86
	EndGlobalSection
	GlobalSection(ProjectConfigurationPlatforms) = postSolution
		{D6284508-8F7C-4D51-867F-4B08456914F8}.Debug|x64.ActiveCfg = Debug|x64
		{D6284508-8F7C-4D51-867F-4B08456914F8}.Debug|x64.Build.0 = Debug|x64
		{D6284508-8F7C-4D51-867F-4B08456914F8}.Debug|x86.ActiveCfg = Debug|Win32
		{D6284508-8F7C-4D51-867F-4B08456914F8}.Debug|x86.Build.0 = Debug|Win32
		{D6284508-8F7C-4D51-867F-4B08456914F8}.Release|x64.ActiveCfg = Release|x64
		{D6284508-8F7C-4D51-867F-4B08456914F8}.Release|x64.Build.0 = Release|x64
		{D6284508-8F7C-4D51-867F-4B08456914F8}.Release|x86.ActiveCfg = Release|Win32
		{D6284508-8F7C-4D51-867F-4B08456914F8}.Release|x86.Build.0 = Release|Win32
	EndGlobalSection
	GlobalSection(SolutionProperties) = preSolution
		HideSolutionNode = FALSE
	EndGlobalSection
	GlobalSection(ExtensibilityGlobals) = postSolution
		SolutionGuid = {AB54C2BF-F314-4F59-B728-02A8EB52E144}
	EndGlobalSection
EndGlobal
